{
  "name": "orha-library-foundation",
  "version": "0.0.0",
  "lockfileVersion": 3,
  "requires": true,
  "packages": {
    "": {
      "name": "orha-library-foundation",
      "version": "0.0.0",
      "dependencies": {
        "@algolia/autocomplete-js": "^1.19.9",
        "@emoji-mart/data": "^1.2.1",
        "@emoji-mart/react": "^1.1.1",
        "@lexical/react": "^0.49.0",
        "@meilisearch/instant-meilisearch": "^0.31.3",
        "@orama/orama": "^3.1.18",
        "@react-aria/utils": "^3.34.1",
        "@react-stately/utils": "^3.12.1",
        "@supabase/supabase-js": "^2.112.2",
        "@tanstack/react-form": "^1.33.4",
        "@tanstack/react-virtual": "^3.14.9",
        "@tiptap/extension-mention": "^3.29.2",
        "@tiptap/pm": "^3.29.2",
        "@tiptap/react": "^3.29.2",
        "@tiptap/starter-kit": "^3.29.2",
        "@umami/node": "^0.4.0",
        "@untitledui/icons": "^0.0.22",
        "@uppy/core": "^5.2.0",
        "@uppy/react": "^5.2.0",
        "@uppy/xhr-upload": "^5.2.0",
        "@use-gesture/react": "^10.3.1",
        "@vidstack/react": "^0.6.15",
        "class-variance-authority": "^0.7.1",
        "clsx": "^2.1.1",
        "cropperjs": "^2.1.1",
        "date-fns": "^4.4.0",
        "embla-carousel-react": "^8.6.0",
        "emoji-picker-react": "^4.19.1",
        "filepond": "^4.32.12",
        "framer-motion": "^13.1.0",
        "gorsejs": "^0.5.0",
        "input-otp": "^1.4.2",
        "lexical": "^0.49.0",
        "lucide-react": "^1.31.0",
        "maplibre-gl": "^6.3.0",
        "media-chrome": "^4.19.2",
        "meilisearch": "^0.60.0",
        "motion": "^13.1.0",
        "posthog-js": "^1.415.1",
        "radix-ui": "^1.6.7",
        "react": "^19.2.8",
        "react-aria": "^3.51.0",
        "react-aria-components": "^1.20.0",
        "react-day-picker": "^10.0.1",
        "react-dom": "^19.2.8",
        "react-dropzone": "^20.1.0",
        "react-easy-crop": "^6.2.3",
        "react-filepond": "^7.1.3",
        "react-hook-form": "^7.85.0",
        "react-is": "^19.2.8",
        "react-map-gl": "^8.1.2",
        "react-media-recorder": "^1.7.2",
        "react-modal-sheet": "^5.6.0",
        "recharts": "^3.10.1",
        "shadcn": "^4.16.2",
        "swiper": "^14.1.0",
        "tailwind-merge": "^3.6.0",
        "typesense": "^3.0.6",
        "typesense-instantsearch-adapter": "^3.0.2",
        "vaul": "^1.1.2",
        "wavesurfer.js": "^7.12.11",
        "yet-another-react-lightbox": "^3.32.2"
      },
      "devDependencies": {
        "@eslint/js": "^10.0.1",
        "@tailwindcss/vite": "^4.3.3",
        "@types/node": "^26.2.0",
        "@types/react": "^19.2.18",
        "@types/react-dom": "^19.2.4",
        "@vitejs/plugin-react": "^6.0.5",
        "eslint": "^10.8.1",
        "eslint-plugin-react-hooks": "^7.1.1",
        "eslint-plugin-react-refresh": "^0.5.4",
        "globals": "^17.9.0",
        "supabase": "^2.113.0",
        "tailwindcss": "^4.3.3",
        "tsx": "^4.23.12",
        "tw-animate-css": "^1.4.0",
        "typescript": "^5.9.3",
        "typescript-eslint": "^8.67.0",
        "vite": "^8.2.1",
        "vite-plugin-pwa": "^1.3.0",
        "vitest": "^4.1.10"
      },
      "engines": {
        "node": ">=22.12.0"
      }
    },
    "node_modules/@algolia/autocomplete-core": {
      "version": "1.19.9",
      "resolved": "https://registry.npmjs.org/@algolia/autocomplete-core/-/autocomplete-core-1.19.9.tgz",
      "integrity": "sha512-4U2JKLMWlDu0CotYyUkWakDxr8AIav3QtIUXXRpfavYN29aVWfzlwJp9T0rPKEf/dO2QCPAUc0Kq1Tj1GJxo2A==",
      "license": "MIT",
      "dependencies": {
        "@algolia/autocomplete-plugin-algolia-insights": "1.19.9",
        "@algolia/autocomplete-shared": "1.19.9"
      }
    },
    "node_modules/@algolia/autocomplete-js": {
      "version": "1.19.9",
      "resolved": "https://registry.npmjs.org/@algolia/autocomplete-js/-/autocomplete-js-1.19.9.tgz",
      "integrity": "sha512-AXtqH+BBjDrTeoqCqOom082umhMtL/RF3+DVQSkoukh/1aaFdevNAtCqxwQSUCKQFLo0YLcDsB0cBItnl1X+bg==",
      "license": "MIT",
      "dependencies": {
        "@algolia/autocomplete-core": "1.19.9",
        "@algolia/autocomplete-preset-algolia": "1.19.9",
        "@algolia/autocomplete-shared": "1.19.9",
        "htm": "^3.1.1",
        "preact": "^10.13.2"
      },
      "peerDependencies": {
        "@algolia/client-search": ">= 4.5.1 < 6",
        "algoliasearch": ">= 4.9.1 < 6"
      }
    },
    "node_modules/@algolia/autocomplete-plugin-algolia-insights": {
      "version": "1.19.9",
      "resolved": "https://registry.npmjs.org/@algolia/autocomplete-plugin-algolia-insights/-/autocomplete-plugin-algolia-insights-1.19.9.tgz",
      "integrity": "sha512-6mExC6X7762s2SV3eJy3QOkB8bdMmnUhQ2agvGVDuzwoGyr3PquGSY/0vPQXCfiAiCaXUz1rXn+lwghgSi0l0w==",
      "license": "MIT",
      "dependencies": {
        "@algolia/autocomplete-shared": "1.19.9"
      },
      "peerDependencies": {
        "search-insights": ">= 1 < 3"
      }
    },
    "node_modules/@algolia/autocomplete-preset-algolia": {
      "version": "1.19.9",
      "resolved": "https://registry.npmjs.org/@algolia/autocomplete-preset-algolia/-/autocomplete-preset-algolia-1.19.9.tgz",
      "integrity": "sha512-x/vKrHNy2Swp83AJ+PX0hhxhkgUqWVNV6bk440LkqQOwT8CfK4EN3M/gHIt8L9YAwbJvOgviE/Vr3g3AOyDwsA==",
      "license": "MIT",
      "dependencies": {
        "@algolia/autocomplete-shared": "1.19.9"
      },
      "peerDependencies": {
        "@algolia/client-search": ">= 4.9.1 < 6",
        "algoliasearch": ">= 4.9.1 < 6"
      }
    },
    "node_modules/@algolia/autocomplete-shared": {
      "version": "1.19.9",
      "resolved": "https://registry.npmjs.org/@algolia/autocomplete-shared/-/autocomplete-shared-1.19.9.tgz",
      "integrity": "sha512-YosP9Uoek6y/Ur1r1qeogk4biMe/hzkyNcgMCciw0//3XpCM7VlYLSHnyt/vOnEOGhCCc0+3v+unEiH6zz+Z1A==",
      "license": "MIT",
      "peerDependencies": {
        "@algolia/client-search": ">= 4.9.1 < 6",
        "algoliasearch": ">= 4.9.1 < 6"
      }
    },
    "node_modules/@apideck/better-ajv-errors": {
      "version": "0.3.7",
      "resolved": "https://registry.npmjs.org/@apideck/better-ajv-errors/-/better-ajv-errors-0.3.7.tgz",
      "integrity": "sha512-TajUJwGWbDwkCx/CZi7tRE8PVB7simCvKJfHUsSdvps+aTM/PDPP4gkLmKnc+x3CE//y9i/nj74GqdL/hwk7Iw==",
      "dev": true,
      "license": "MIT",
      "dependencies": {
        "jsonpointer": "^5.0.1",
        "leven": "^3.1.0"
      },
      "engines": {
        "node": ">=10"
      },
      "peerDependencies": {
        "ajv": ">=8"
      }
    },
    "node_modules/@babel/code-frame": {
      "version": "7.29.7",
      "resolved": "https://registry.npmjs.org/@babel/code-frame/-/code-frame-7.29.7.tgz",
      "integrity": "sha512-Aup7aUOfpbAUg2ROOJN6Iw5f9DMBlzu0mIkm/malLQFN/YQgO48wCj0Kxa3sEHJvPVFg7siR+qRInwXd2qhQKw==",
      "license": "MIT",
      "dependencies": {
        "@babel/helper-validator-identifier": "^7.29.7",
        "js-tokens": "^4.0.0",
        "picocolors": "^1.1.1"
      },
      "engines": {
        "node": ">=6.9.0"
      }
    },
    "node_modules/@babel/compat-data": {
      "version": "7.29.7",
      "resolved": "https://registry.npmjs.org/@babel/compat-data/-/compat-data-7.29.7.tgz",
      "integrity": "sha512-locTkQyKvwIEgBzVrn8693ebc97F2U8ZHjbXwDXJ5Fn2TCpNwTlKcaKLkdHop5c/icOFE7qt7Q9JC5hnKNa6Gg==",
      "license": "MIT",
      "engines": {
        "node": ">=6.9.0"
      }
    },
    "node_modules/@babel/core": {
      "version": "7.29.7",
      "resolved": "https://registry.npmjs.org/@babel/core/-/core-7.29.7.tgz",
      "integrity": "sha512-RgHBCvtjbOK2gXSNBNIkNoEc9qoVEtau3hj8gEqKQuL3HZAibKarWFEI3Lfm6EYKkLalOh8eSrj9b+ch9H/VBA==",
      "license": "MIT",
      "dependencies": {
        "@babel/code-frame": "^7.29.7",
        "@babel/generator": "^7.29.7",
        "@babel/helper-compilation-targets": "^7.29.7",
        "@babel/helper-module-transforms": "^7.29.7",
        "@babel/helpers": "^7.29.7",
        "@babel/parser": "^7.29.7",
        "@babel/template": "^7.29.7",
        "@babel/traverse": "^7.29.7",
        "@babel/types": "^7.29.7",
        "@jridgewell/remapping": "^2.3.5",
        "convert-source-map": "^2.0.0",
        "debug": "^4.1.0",
        "gensync": "^1.0.0-beta.2",
        "json5": "^2.2.3",
        "semver": "^6.3.1"
      },
      "engines": {
        "node": ">=6.9.0"
      },
      "funding": {
        "type": "opencollective",
        "url": "https://opencollective.com/babel"
      }
    },
    "node_modules/@babel/generator": {
      "version": "7.29.8",
      "resolved": "https://registry.npmjs.org/@babel/generator/-/generator-7.29.8.tgz",
      "integrity": "sha512-gZbepsdh3WDtgZKWL+vTPh71LSBrm/Y4/QDZBVCcYfmeTEEuoOYwlSy+G1StfJg+/Zy550u/3TATbm7qDbbMtg==",
      "license": "MIT",
      "dependencies": {
        "@babel/parser": "^7.29.8",
        "@babel/types": "^7.29.8",
        "@jridgewell/gen-mapping": "^0.3.12",
        "@jridgewell/trace-mapping": "^0.3.28",
        "jsesc": "^3.0.2"
      },
      "engines": {
        "node": ">=6.9.0"
      }
    },
    "node_modules/@babel/helper-annotate-as-pure": {
      "version": "7.29.7",
      "resolved": "https://registry.npmjs.org/@babel/helper-annotate-as-pure/-/helper-annotate-as-pure-7.29.7.tgz",
      "integrity": "sha512-OoK6239jHPuSQOoS0kfTVKn0b/rVTk0seKq4Gd2UMLtmOVLjDC0ki3e+c90Trqv2gMfvJFqkiljrr568+qddiw==",
      "license": "MIT",
      "dependencies": {
        "@babel/types": "^7.29.7"
      },
      "engines": {
        "node": ">=6.9.0"
      }
    },
    "node_modules/@babel/helper-compilation-targets": {
      "version": "7.29.7",
      "resolved": "https://registry.npmjs.org/@babel/helper-compilation-targets/-/helper-compilation-targets-7.29.7.tgz",
      "integrity": "sha512-wem6WaBj4NaVYVdNhLPPVacES6ZJ+KBBfSkTMD3YZxbP3rm3Di85tJU5ljaUNhaOynt+Aj0xruhYuzQBt8n71g==",
      "license": "MIT",
      "dependencies": {
        "@babel/compat-data": "^7.29.7",
        "@babel/helper-validator-option": "^7.29.7",
        "browserslist": "^4.24.0",
        "lru-cache": "^5.1.1",
        "semver": "^6.3.1"
      },
      "engines": {
        "node": ">=6.9.0"
      }
    },
    "node_modules/@babel/helper-create-class-features-plugin": {
      "version": "7.29.7",
      "resolved": "https://registry.npmjs.org/@babel/helper-create-class-features-plugin/-/helper-create-class-features-plugin-7.29.7.tgz",
      "integrity": "sha512-IY3ZD9Tmooqr3TUhc3DUWxiuo8xx1DWLhd5M7hQ+ZWJamqM2BbalrBJb2MisSLoYorOj75U03qULCxQTY9r3hg==",
      "license": "MIT",
      "dependencies": {
        "@babel/helper-annotate-as-pure": "^7.29.7",
        "@babel/helper-member-expression-to-functions": "^7.29.7",
        "@babel/helper-optimise-call-expression": "^7.29.7",
        "@babel/helper-replace-supers": "^7.29.7",
        "@babel/helper-skip-transparent-expression-wrappers": "^7.29.7",
        "@babel/traverse": "^7.29.7",
        "semver": "^6.3.1"
      },
      "engines": {
        "node": ">=6.9.0"
      },
      "peerDependencies": {
        "@babel/core": "^7.0.0"
      }
    },
    "node_modules/@babel/helper-create-regexp-features-plugin": {
      "version": "7.29.7",
      "resolved": "https://registry.npmjs.org/@babel/helper-create-regexp-features-plugin/-/helper-create-regexp-features-plugin-7.29.7.tgz",
      "integrity": "sha512-907Uymvqgg1dwUA+7IGwFAOSYzQOuzPXKNJ1yxzwPffzkYFg2q2eHi1fIOs6sXkG9NbIUMunnUlkYsfRFNvomg==",
      "dev": true,
      "license": "MIT",
      "dependencies": {
        "@babel/helper-annotate-as-pure": "^7.29.7",
        "regexpu-core": "^6.3.1",
        "semver": "^6.3.1"
      },
      "engines": {
        "node": ">=6.9.0"
      },
      "peerDependencies": {
        "@babel/core": "^7.0.0"
      }
    },
    "node_modules/@babel/helper-define-polyfill-provider": {
      "version": "0.6.8",
      "resolved": "https://registry.npmjs.org/@babel/helper-define-polyfill-provider/-/helper-define-polyfill-provider-0.6.8.tgz",
      "integrity": "sha512-47UwBLPpQi1NoWzLuHNjRoHlYXMwIJoBf7MFou6viC/sIHWYygpvr0B6IAyh5sBdA2nr2LPIRww8lfaUVQINBA==",
      "dev": true,
      "license": "MIT",
      "dependencies": {
        "@babel/helper-compilation-targets": "^7.28.6",
        "@babel/helper-plugin-utils": "^7.28.6",
        "debug": "^4.4.3",
        "lodash.debounce": "^4.0.8",
        "resolve": "^1.22.11"
      },
      "peerDependencies": {
        "@babel/core": "^7.4.0 || ^8.0.0-0 <8.0.0"
      }
    },
    "node_modules/@babel/helper-globals": {
      "version": "7.29.7",
      "resolved": "https://registry.npmjs.org/@babel/helper-globals/-/helper-globals-7.29.7.tgz",
      "integrity": "sha512-3nQVUAtvkKH9zahfWgw96Jc/uFOmjACE1kQz82E2lqWmHBgjzbNlsC22nuQTfahmWeQtTq5nQ/4Nnd2A1wj4zA==",
      "license": "MIT",
      "engines": {
        "node": ">=6.9.0"
      }
    },
    "node_modules/@babel/helper-member-expression-to-functions": {
      "version": "7.29.7",
      "resolved": "https://registry.npmjs.org/@babel/helper-member-expression-to-functions/-/helper-member-expression-to-functions-7.29.7.tgz",
      "integrity": "sha512-j+7JYmk1JYDtACIGj0QJqqWZjoUpMoEikQGADMaHgCMCSDqd2+P32rfcibUNrGOMWrlzK1WJBdxrB3JJQZwWtg==",
      "license": "MIT",
      "dependencies": {
        "@babel/traverse": "^7.29.7",
        "@babel/types": "^7.29.7"
      },
      "engines": {
        "node": ">=6.9.0"
      }
    },
    "node_modules/@babel/helper-module-imports": {
      "version": "7.29.7",
      "resolved": "https://registry.npmjs.org/@babel/helper-module-imports/-/helper-module-imports-7.29.7.tgz",
      "integrity": "sha512-ejHwrQQYcm9xnTivShn2IDOlIzInN34AXskvq9QicvCtEzq1Vzclu/tKF8Jq1Cg8JG2GL6/EmjgsCT7lXepE3g==",
      "license": "MIT",
      "dependencies": {
        "@babel/traverse": "^7.29.7",
        "@babel/types": "^7.29.7"
      },
      "engines": {
        "node": ">=6.9.0"
      }
    },
    "node_modules/@babel/helper-module-transforms": {
      "version": "7.29.7",
      "resolved": "https://registry.npmjs.org/@babel/helper-module-transforms/-/helper-module-transforms-7.29.7.tgz",
      "integrity": "sha512-UPUVSyXbOh627KiCIGQSgwWzGeBKLkaJ9PJEdrngIwMSzxLR4jS4+f1f1jb7VzBbg8nFLaYotvVPFCTqdrmTAg==",
      "license": "MIT",
      "dependencies": {
        "@babel/helper-module-imports": "^7.29.7",
        "@babel/helper-validator-identifier": "^7.29.7",
        "@babel/traverse": "^7.29.7"
      },
      "engines": {
        "node": ">=6.9.0"
      },
      "peerDependencies": {
        "@babel/core": "^7.0.0"
      }
    },
    "node_modules/@babel/helper-optimise-call-expression": {
      "version": "7.29.7",
      "resolved": "https://registry.npmjs.org/@babel/helper-optimise-call-expression/-/helper-optimise-call-expression-7.29.7.tgz",
      "integrity": "sha512-+kmGVjcT9RGYzoDwdwEqEvGgKe3BYq+O1iGzjFubaNgZHwYHP6lsF2Yghf4kEuv9BV7tYDZ913aBW9am6YKong==",
      "license": "MIT",
      "dependencies": {
        "@babel/types": "^7.29.7"
      },
      "engines": {
        "node": ">=6.9.0"
      }ÛM¶Ó{h‘éì¶»§q«^t‹ˆœÝš\XÛÛ[Y[ÈŽˆ—Œ‹ŒŒH‹ˆ[\HŽˆ—Œ‹Œ‹ˆ\]Žˆ—ŒKŒ‹Œ‹ˆÛÜšØ›ÞX˜XÚÙÜ›Ý[™\Þ[˜ÈŽˆËŒH‹ˆÛÜšØ›ÞXœ›ØYØ\Ý]\]HŽˆËŒH‹ˆÛÜšØ›ÞXØXÚXX›K\™\ÜÛœÙHŽˆËŒH‹ˆÛÜšØ›ÞXÛÜ™HŽˆËŒH‹ˆÛÜšØ›ÞY^\˜][ÛˆŽˆËŒH‹ˆÛÜšØ›ÞYÛÛÙÛKX[˜[]XÜÈŽˆËŒH‹ˆÛÜšØ›Þ[˜]šYØ][Û‹\™[ØYŽˆËŒH‹ˆÛÜšØ›Þ\™XØXÚ[™ÈŽˆËŒH‹ˆÛÜšØ›Þ\˜[™ÙK\™\]Y\ÝÈŽˆËŒH‹ˆÛÜšØ›Þ\™XÚ\\ÈŽˆËŒH‹ˆÛÜšØ›Þ\›Ý][™ÈŽˆËŒH‹ˆÛÜšØ›Þ\Ý˜]YÚY\ÈŽˆËŒH‹ˆÛÜšØ›Þ\Ý™X[\ÈŽˆËŒH‹ˆÛÜšØ›Þ\ÝÈŽˆËŒH‹ˆÛÜšØ›Þ]Ú[™ÝÈŽˆËŒH‚ˆKˆ™[™Ú[™\ÈŽˆÂˆ››ÙHŽˆLŒŒŒ‚ˆBˆKˆ››ÙWÛ[Ù[\ËÝÛÜšØ›ÞXZ[Û›ÙWÛ[Ù[\ËØZˆŽˆÂˆ™\œÚ[ÛˆŽˆŽŒŒŒ‹ˆœ™\ÛÛ™YŽˆšÎ‹ËÜ™YÚ\ÝžK›œZœË›Ü™ËØZ‹ËKØZ‹NŒŒŒÞˆ‹ˆš[YÜš]HŽˆœÚMLL‹U›JÓÛÚŠÚSTQ•™’ŒÓÛPÐ[˜TÞS›L]žŽU‘ÚØMRX˜KÒTMš›ÞM]MšÞÑÑU–ŽNVMËÑÕ\‘ÐOOH‹ˆ™]ˆŽˆYKˆ›XÙ[œÙHŽˆ“RU‹ˆ™\[™[˜ÚY\ÈŽˆÂˆ™˜\ÝYY\Y\]X[Žˆ—ŒËŒKŒÈ‹ˆ™˜\Ý]\šHŽˆ—ŒËŒŒH‹ˆšœÛÛ‹\ØÚ[XK]˜]™\œÙHŽˆ—ŒKŒŒ‹ˆœ™\]Z\™KYœ›ÛK\Ýš[™ÈŽˆ—Œ‹ŒŒˆ‚ˆKˆ™[™[™ÈŽˆÂˆ\HŽˆ™Ú]Xˆ‹ˆ\›ŽˆšÎ‹ËÙÚ]X‹˜ÛÛKÜÜÛœÛÜœËÙ\Ø™\™^šÚ[ˆ‚ˆBˆKˆ››ÙWÛ[Ù[\ËÝÛÜšØ›ÞXZ[Û›ÙWÛ[Ù[\ËÙœËY^˜HŽˆÂˆ™\œÚ[ÛˆŽˆŽKŒKŒ‹ˆœ™\ÛÛ™YŽˆšÎ‹ËÜ™YÚ\ÝžK›œZœË›Ü™ËÙœËY^˜KËKÙœËY^˜KNKŒKŒÞˆ‹ˆš[YÜš]HŽˆœÚMLL‹ZÙÌÖ›Y\ÌÌÍÐ”ÑœT›ÛÌÑÓT]MÒZœ^Í[Ñ
Þ“NVÚ˜ŒÌÕÙÍÞšS•
Ô]œXXÌÊÙÕÜ“Ì’X•žZÌ‘Í›ÌSÔOOH‹ˆ™]ˆŽˆYKˆ›XÙ[œÙHŽˆ“RU‹ˆ™\[™[˜ÚY\ÈŽˆÂˆ˜][X\Ý[›ÙHŽˆ—ŒKŒŒ‹ˆ™Ü˜XÙY[YœÈŽˆ—Œ‹Œ‹ˆšœÛÛ™š[HŽˆ—‹ŒŒH‹ˆ[š]™\œØ[YžHŽˆ—Œ‹ŒŒ‚ˆKˆ™[™Ú[™\ÈŽˆÂˆ››ÙHŽˆLL‚ˆBˆKˆ››ÙWÛ[Ù[\ËÝÛÜšØ›ÞXZ[Û›ÙWÛ[Ù[\ËÚ\Ë[ØšˆŽˆÂˆ™\œÚ[ÛˆŽˆŒKŒŒH‹ˆœ™\ÛÛ™YŽˆšÎ‹ËÜ™YÚ\ÝžK›œZœË›Ü™ËÚ\Ë[Øš‹ËKÚ\Ë[Øš‹LKŒŒKÞˆ‹ˆš[YÜš]HŽˆœÚMLL‹[žRÔœQÓLÊÎR’œ“œSÊÝŒ•S^MÍUÍKÛSÍÌXÍQÎØÛQš”]™‘\Ù“Q™RËØÌ•œ˜ŠÔYÏOH‹ˆ™]ˆŽˆYKˆ›XÙ[œÙHŽˆ“RU‹ˆ™[™Ú[™\ÈŽˆÂˆ››ÙHŽˆLŒLŒ‚ˆBˆKˆ››ÙWÛ[Ù[\ËÝÛÜšØ›ÞXZ[Û›ÙWÛ[Ù[\ËÚ\Ë\™YÙ^ŽˆÂˆ™\œÚ[ÛˆŽˆŒKŒŒ‹ˆœ™\ÛÛ™YŽˆšÎ‹ËÜ™YÚ\ÝžK›œZœË›Ü™ËÚ\Ë\™YÙ^ËKÚ\Ë\™YÙ^LKŒŒÞˆ‹ˆš[YÜš]HŽˆœÚMLL‹MÞš‘TÍÙÝÞTPPYÔ”›\YQY^RRPÔÙPÜXLÝÕ’Yž˜Vš\[Ü“ÞYÚËÖ[ÕÜP•›–V^ž’T™™“ÔÐOOH‹ˆ™]ˆŽˆYKˆ›XÙ[œÙHŽˆ“RU‹ˆ™[™Ú[™\ÈŽˆÂˆ››ÙHŽˆLŒLŒ‚ˆBˆKˆ››ÙWÛ[Ù[\ËÝÛÜšØ›ÞXZ[Û›ÙWÛ[Ù[\ËÚœÛÛ‹\ØÚ[XK]˜]™\œÙHŽˆÂˆ™\œÚ[ÛˆŽˆŒKŒŒ‹ˆœ™\ÛÛ™YŽˆšÎ‹ËÜ™YÚ\ÝžK›œZœË›Ü™ËÚœÛÛ‹\ØÚ[XK]˜]™\œÙKËKÚœÛÛ‹\ØÚ[XK]˜]™\œÙKLKŒŒÞˆ‹ˆš[YÜš]HŽˆœÚMLL‹S“NÔ[ŒÖ–V›Œ[Ñ˜PPÕÕT”V•ÚKÔ›“ÝŽ™Ü]\VRSÍT”^ÞT›Í^™\XŒÓÛXSÞLÙYÏOH‹ˆ™]ˆŽˆYKˆ›XÙ[œÙHŽˆ“RU‚ˆKˆ››ÙWÛ[Ù[\ËÝÛÜšØ›ÞXZ[Û›ÙWÛ[Ù[\ËÜ™]KXž]\ÈŽˆÂˆ™\œÚ[ÛˆŽˆK‹Œ‹ˆœ™\ÛÛ™YŽˆšÎ‹ËÜ™YÚ\ÝžK›œZœË›Ü™ËÜ™]KXž]\ËËKÜ™]KXž]\ËMK‹ŒÞˆ‹ˆš[YÜš]HŽˆœÚMLL‹Q‘ÌÎU\œQ’ÎXKÍÓÓÜÑ‹Õž]œŒÔURÒÎ[ŽZ“N]žR^]ÝR’Ø\Œœ]PMPÕÔÝÛÎR“Þ‘™ÏOH‹ˆ™]ˆŽˆYKˆ›XÙ[œÙHŽˆ“RU‹ˆ™[™Ú[™\ÈŽˆÂˆ››ÙHŽˆMˆ‚ˆKˆ™[™[™ÈŽˆÂˆ\›ŽˆšÎ‹ËÙÚ]X‹˜ÛÛKÜÜÛœÛÜœËÜÚ[™™\ÛÜš\È‚ˆBˆKˆ››ÙWÛ[Ù[\ËÝÛÜšØ›ÞXZ[Û›ÙWÛ[Ù[\ËÜÛÝ\˜ÙK[X\ŽˆÂˆ™\œÚ[ÛˆŽˆŒŽŒ‹ˆœ™\ÛÛ™YŽˆšÎ‹ËÜ™YÚ\ÝžK›œZœË›Ü™ËÜÛÝ\˜ÙK[X\ËKÜÛÝ\˜ÙK[X\LŽŒÞˆ‹ˆš[YÜš]HŽˆœÚMLL‹Y\]“
ÚËÔÓÖÜ™TËÔÕ^™Ì˜Ú^RP“Ó‹Þ]Tš‘œØ•šLœÙZMÛÐZTMÚÕÑ˜šÖ“ÔÓTY•\MØšÑŒØ]N[TOOH‹ˆ™]ˆŽˆYKˆ›XÙ[œÙHŽˆ”ÑLËPÛ]\ÙH‹ˆ™[™Ú[™\ÈŽˆÂˆ››ÙHŽˆHLˆ‚ˆBˆKˆ››ÙWÛ[Ù[\ËÝÛÜšØ›ÞXZ[Û›ÙWÛ[Ù[\ËÜÝš[™ÚYžK[Øš™XÝŽˆÂˆ™\œÚ[ÛˆŽˆŒËŒËŒ‹ˆœ™\ÛÛ™YŽˆšÎ‹ËÜ™YÚ\ÝžK›œZœË›Ü™ËÜÝš[™ÚYžK[Øš™XÝËKÜÝš[™ÚYžK[Øš™XÝLËŒËŒÞˆ‹ˆš[YÜš]HŽˆœÚMLL‹\’ZQšY[PÔNUÔPÎLKÙËÝÚRŒYSZÞ[ÚQ™[ÔP\ÒÍÜœ[šXX“U•VNR”PØÜ]ÝÝ›ØTÝ]]ZÙÞ\ÏOH‹ˆ™]ˆŽˆYKˆ›XÙ[œÙHŽˆ”ÑL‹PÛ]\ÙH‹ˆ™\[™[˜ÚY\ÈŽˆÂˆ™Ù][ÝÛ‹Y[[Y\˜X›K\›Ü\K\Þ[X›ÛÈŽˆ—ŒËŒŒ‹ˆš\Ë[ØšˆŽˆ—ŒKŒŒH‹ˆš\Ë\™YÙ^Žˆ—ŒKŒŒ‚ˆKˆ™[™Ú[™\ÈŽˆÂˆ››ÙHŽˆM‚ˆBˆKˆ››ÙWÛ[Ù[\ËÝÛÜšØ›ÞXØXÚXX›K\™\ÜÛœÙHŽˆÂˆ™\œÚ[ÛˆŽˆËŒH‹ˆœ™\ÛÛ™YŽˆšÎ‹ËÜ™YÚ\ÝžK›œZœË›Ü™ËÝÛÜšØ›ÞXØXÚXX›K\™\ÜÛœÙKËKÝÛÜšØ›ÞXØXÚXX›K\™\ÜÛœÙKMËŒKÞˆ‹ˆš[YÜš]HŽˆœÚMLL‹NQ›Ò™Ì“Úœ›˜“ÙÑYP“ÌUÒØÓ]Ôœ]Ó\ÜXZVMÍ^VZ”]Ü˜–\’QÖUÖV”]ÚÌ“Þ‹ÝZÞKÛÒ–]ÏOH‹ˆ™]ˆŽˆYKˆ›XÙ[œÙHŽˆ“RU‹ˆ™\[™[˜ÚY\ÈŽˆÂˆÛÜšØ›ÞXÛÜ™HŽˆËŒH‚ˆBˆKˆ››ÙWÛ[Ù[\ËÝÛÜšØ›ÞXÛÜ™HŽˆÂˆ™\œÚ[ÛˆŽˆËŒH‹ˆœ™\ÛÛ™YŽˆšÎ‹ËÜ™YÚ\ÝžK›œZœË›Ü™ËÝÛÜšØ›ÞXÛÜ™KËKÝÛÜšØ›ÞXÛÜ™KMËŒKÞˆ‹ˆš[YÜš]HŽˆœÚMLL‹Q
ÝM™ZÌ”œÔÒMXÌÌ–Œ\œŽT›UVŒQÌV•ÝÓÜÝ–™ÑÙØÝÞØ\ÝX”S[X•–VšÐTM]OOH‹ˆ™]ˆŽˆYKˆ›XÙ[œÙHŽˆ“RU‚ˆKˆ››ÙWÛ[Ù[\ËÝÛÜšØ›ÞY^\˜][ÛˆŽˆÂˆ™\œÚ[ÛˆŽˆËŒH‹ˆœ™\ÛÛ™YŽˆšÎ‹ËÜ™YÚ\ÝžK›œZœË›Ü™ËÝÛÜšØ›ÞY^\˜][Û‹ËKÝÛÜšØ›ÞY^\˜][Û‹MËŒKÞˆ‹ˆš[YÜš]HŽˆœÚMLL‹[’ÕQØŠÓÑØ™VÔZÌ\Í“RØLÙÖÓÙŒÌUÍ˜ÍšÙš\’^\ÖŽ\ÝLŒPR“X[ÑÍÕ“‘›ÒMÞ
Ü•LÌUÙÏOH‹ˆ™]ˆŽˆYKˆ›XÙ[œÙHŽˆ“RU‹ˆ™\[™[˜ÚY\ÈŽˆÂˆšYˆŽˆ—ËŒŒH‹ˆÛÜšØ›ÞXÛÜ™HŽˆËŒH‚ˆBˆKˆ››ÙWÛ[Ù[\ËÝÛÜšØ›ÞYÛÛÙÛKX[˜[]XÜÈŽˆÂˆ™\œÚ[ÛˆŽˆËŒH‹ˆœ™\ÛÛ™YŽˆšÎ‹ËÜ™YÚ\ÝžK›œZœË›Ü™ËÝÛÜšØ›ÞYÛÛÙÛKX[˜[]XÜËËKÝÛÜšØ›ÞYÛÛÙÛKX[˜[]XÜËMËŒKÞˆ‹ˆš[YÜš]HŽˆœÚMLL‹SZÜÌRÓ]
ÊÖZÑœÔÌSÜÚTSR\ÚQÔœÊØÛÙRÒTXUSÙÚMÔÌÑÑ˜Y[TT^\ZÎÞÛÒÕž’ÏOH‹ˆ™]ˆŽˆYKˆ›XÙ[œÙHŽˆ“RU‹ˆ™\[™[˜ÚY\ÈŽˆÂˆÛÜšØ›ÞX˜XÚÙÜ›Ý[™\Þ[˜ÈŽˆËŒH‹ˆÛÜšØ›ÞXÛÜ™HŽˆËŒH‹ˆÛÜšØ›Þ\›Ý][™ÈŽˆËŒH‹ˆÛÜšØ›Þ\Ý˜]YÚY\ÈŽˆËŒH‚ˆBˆKˆ››ÙWÛ[Ù[\ËÝÛÜšØ›Þ[˜]šYØ][Û‹\™[ØYŽˆÂˆ™\œÚ[ÛˆŽˆËŒH‹ˆœ™\ÛÛ™YŽˆšÎ‹ËÜ™YÚ\ÝžK›œZœË›Ü™ËÝÛÜšØ›Þ[˜]šYØ][Û‹\™[ØYËKÝÛÜšØ›Þ[˜]šYØ][Û‹\™[ØYMËŒKÞˆ‹ˆš[YÜš]HŽˆœÚMLL‹PÍÕœÚ”ÖRÒ“ÚŒÌP^ŽVÑÌœ“ŒÔZUÍXS]ŒÍ“VÚÝ›N^Ó‘]ÕTÜÕÕ]ÓSYÖSLQ[ÙœÝ›™VV”OOH‹ˆ™]ˆŽˆYKˆ›XÙ[œÙHŽˆ“RU‹ˆ™\[™[˜ÚY\ÈŽˆÂˆÛÜšØ›ÞXÛÜ™HŽˆËŒH‚ˆBˆKˆ››ÙWÛ[Ù[\ËÝÛÜšØ›Þ\™XØXÚ[™ÈŽˆÂˆ™\œÚ[ÛˆŽˆËŒH‹ˆœ™\ÛÛ™YŽˆšÎ‹ËÜ™YÚ\ÝžK›œZœË›Ü™ËÝÛÜšØ›Þ\™XØXÚ[™ËËKÝÛÜšØ›Þ\™XØXÚ[™ËMËŒKÞˆ‹ˆš[YÜš]HŽˆœÚMLL‹XÙ‹Î\Pž]ÝÍÞ^‘\Þ™ËÜRMZÕ\œ“š”SÓŠÓÓ”TœžKÕœQÔVÚÙÒÜŒÚÜÑÒ’ÎŒšYÑ˜ŽMÕÓ–’ÌZ›ŒÔOOH‹ˆ™]ˆŽˆYKˆ›XÙ[œÙHŽˆ“RU‹ˆ™\[™[˜ÚY\ÈŽˆÂˆÛÜšØ›ÞXÛÜ™HŽˆËŒH‹ˆÛÜšØ›Þ\›Ý][™ÈŽˆËŒH‹ˆÛÜšØ›Þ\Ý˜]YÚY\ÈŽˆËŒH‚ˆBˆKˆ››ÙWÛ[Ù[\ËÝÛÜšØ›Þ\˜[™ÙK\™\]Y\ÝÈŽˆÂˆ™\œÚ[ÛˆŽˆËŒH‹ˆœ™\ÛÛ™YŽˆšÎ‹ËÜ™YÚ\ÝžK›œZœË›Ü™ËÝÛÜšØ›Þ\˜[™ÙK\™\]Y\ÝËËKÝÛÜšØ›Þ\˜[™ÙK\™\]Y\ÝËMËŒKÞˆ‹ˆš[YÜš]HŽˆœÚMLL‹MÚL›ÞUQN™ÒRÐTLž““Ù”^SÞ‘Ù›Õ^Rœ”ÛY\P“–QÔRÔÔ•TUœ
ÓžXÝÜ‘’ŽQŽ^Œ”OOH‹ˆ™]ˆŽˆYKˆ›XÙ[œÙHŽˆ“RU‹ˆ™\[™[˜ÚY\ÈŽˆÂˆÛÜšØ›ÞXÛÜ™HŽˆËŒH‚ˆBˆKˆ››ÙWÛ[Ù[\ËÝÛÜšØ›Þ\™XÚ\\ÈŽˆÂˆ™\œÚ[ÛˆŽˆËŒH‹ˆœ™\ÛÛ™YŽˆšÎ‹ËÜ™YÚ\ÝžK›œZœË›Ü™ËÝÛÜšØ›Þ\™XÚ\\ËËKÝÛÜšØ›Þ\™XÚ\\ËMËŒKÞˆ‹ˆš[YÜš]HŽˆœÚMLL‹YÛ˜•™›UÕTXSMP]VÙÝœÙ\ÖU™^Ü”U”
ÔŠÍ‘Pš‘ÕÔMÙ‘ÖJÍÑRPMU‘P•ZMJÍÕÑÙ[ÙÏOH‹ˆ™]ˆŽˆYKˆ›XÙ[œÙHŽˆ“RU‹ˆ™\[™[˜ÚY\ÈŽˆÂˆÛÜšØ›ÞXØXÚXX›K\™\ÜÛœÙHŽˆËŒH‹ˆÛÜšØ›ÞXÛÜ™HŽˆËŒH‹ˆÛÜšØ›ÞY^\˜][ÛˆŽˆËŒH‹ˆÛÜšØ›Þ\™XØXÚ[™ÈŽˆËŒH‹ˆÛÜšØ›Þ\›Ý][™ÈŽˆËŒH‹ˆÛÜšØ›Þ\Ý˜]YÚY\ÈŽˆËŒH‚ˆBˆKˆ››ÙWÛ[Ù[\ËÝÛÜšØ›Þ\›Ý][™ÈŽˆÂˆ™\œÚ[ÛˆŽˆËŒH‹ˆœ™\ÛÛ™YŽˆšÎ‹ËÜ™YÚ\ÝžK›œZœË›Ü™ËÝÛÜšØ›Þ\›Ý][™ËËKÝÛÜšØ›Þ\›Ý][™ËMËŒKÞˆ‹ˆš[YÜš]HŽˆœÚMLL‹^]X’‘Ñ\–“Ý\ÝZYY[˜S^\šSØMÝ\žÙŽLÜÍÑ”ÎTšUÖUÐ^UZÛU[ÓÓÐ˜ÔQÙ[ŒÚŽÌ™LRV^OOH‹ˆ™]ˆŽˆYKˆ›XÙ[œÙHŽˆ“RU‹ˆ™\[™[˜ÚY\ÈŽˆÂˆÛÜšØ›ÞXÛÜ™HŽˆËŒH‚ˆBˆKˆ››ÙWÛ[Ù[\ËÝÛÜšØ›Þ\Ý˜]YÚY\ÈŽˆÂˆ™\œÚ[ÛˆŽˆËŒH‹ˆœ™\ÛÛ™YŽˆšÎ‹ËÜ™YÚ\ÝžK›œZœË›Ü™ËÝÛÜšØ›Þ\Ý˜]YÚY\ËËKÝÛÜšØ›Þ\Ý˜]YÚY\ËMËŒKÞˆ‹ˆš[YÜš]HŽˆœÚMLL‹QÖž]ÎS˜›SÙ[ÍÝVŒšÜÍP‘œÑØ“ÍZÚ[ÎNÊÓMSXÚU^œÕ”ÔÊÓ›\P^SÕ–”U\˜ÜSÔOOH‹ˆ™]ˆŽˆYKˆ›XÙ[œÙHŽˆ“RU‹ˆ™\[™[˜ÚY\ÈŽˆÂˆÛÜšØ›ÞXÛÜ™HŽˆËŒH‚ˆBˆKˆ››ÙWÛ[Ù[\ËÝÛÜšØ›Þ\Ý™X[\ÈŽˆÂˆ™\œÚ[ÛˆŽˆËŒH‹ˆœ™\ÛÛ™YŽˆšÎ‹ËÜ™YÚ\ÝžK›œZœË›Ü™ËÝÛÜšØ›Þ\Ý™X[\ËËKÝÛÜšØ›Þ\Ý™X[\ËMËŒKÞˆ‹ˆš[YÜš]HŽˆœÚMLL‹RÕÝ˜RÕX’šÛ™ZÙÜQØÜLÑÌLMÔ]œ\ÎR“QÌ™X“Z[QÕ‘UÙVM–X›
ÛNM’ÜÐÑMœÞS]ZYÕÛ[VÏOH‹ˆ™]ˆŽˆYKˆ›XÙ[œÙHŽˆ“RU‹ˆ™\[™[˜ÚY\ÈŽˆÂˆÛÜšØ›ÞXÛÜ™HŽˆËŒH‹ˆÛÜšØ›Þ\›Ý][™ÈŽˆËŒH‚ˆBˆKˆ››ÙWÛ[Ù[\ËÝÛÜšØ›Þ\ÝÈŽˆÂˆ™\œÚ[ÛˆŽˆËŒH‹ˆœ™\ÛÛ™YŽˆšÎ‹ËÜ™YÚ\ÝžK›œZœË›Ü™ËÝÛÜšØ›Þ\ÝËËKÝÛÜšØ›Þ\ÝËMËŒKÞˆ‹ˆš[YÜš]HŽˆœÚMLL‹Y™^YŒ‘[•Õ–ZÐÕÔ\LLŽÝSœÝÐØ•‘šÌ[ÔÓMPNÍZMLY[MNLÒ–˜ZÜÛTÏOH‹ˆ™]ˆŽˆYKˆ›XÙ[œÙHŽˆ“RU‚ˆKˆ››ÙWÛ[Ù[\ËÝÛÜšØ›Þ]Ú[™ÝÈŽˆÂˆ™\œÚ[ÛˆŽˆËŒH‹ˆœ™\ÛÛ™YŽˆšÎ‹ËÜ™YÚ\ÝžK›œZœË›Ü™ËÝÛÜšØ›Þ]Ú[™ÝËËKÝÛÜšØ›Þ]Ú[™ÝËMËŒKÞˆ‹ˆš[YÜš]HŽˆœÚMLL‹[›Ý‘N–\^]QÞ\RY‘QšM”Ô“MÕTÙÙ]ÙNTÕœPQY\–“VLÝ]V‘Þ–MV“ÜÑÐËÝ‘ÐKÌÜÛQÐOOH‹ˆ™]ˆŽˆYKˆ›XÙ[œÙHŽˆ“RU‹ˆ™\[™[˜ÚY\ÈŽˆÂˆ\\ËÝ\ÝY]\\ÈŽˆ—Œ‹ŒŒˆ‹ˆÛÜšØ›ÞXÛÜ™HŽˆËŒH‚ˆBˆKˆ››ÙWÛ[Ù[\ËÝÛÜšÙ\‹Y˜XÝÜžHŽˆÂˆ™\œÚ[ÛˆŽˆËŒL‹ˆœ™\ÛÛ™YŽˆšÎ‹ËÜ™YÚ\ÝžK›œZœË›Ü™ËÝÛÜšÙ\‹Y˜XÝÜžKËKÝÛÜšÙ\‹Y˜XÝÜžKMËŒLÞˆ‹ˆš[YÜš]HŽˆœÚMLL‹ZØÌÊÜÑÓMPZ’UP›ŒœR™Ž‹ÑÛSPS™‹ÔJÓRNY’V”ZV”PPÛÙQÖœ˜Û‹ÍÌ˜’]“›ŒœR”OOH‹ˆ›XÙ[œÙHŽˆ“RU‹ˆ™\[™[˜ÚY\ÈŽˆÂˆ˜X™[Ü[[YHŽˆ—ËŒŽKÈ‹ˆ™˜\Ý][š\]YK[[X™\œÈŽˆ—ŽKŒŒÈ‹ˆÛXˆŽˆ—Œ‹ŽŒH‚ˆBˆKˆ››ÙWÛ[Ù[\ËÝÜ˜\HŽˆÂˆ™\œÚ[ÛˆŽˆŒKŒŒˆ‹ˆœ™\ÛÛ™YŽˆšÎ‹ËÜ™YÚ\ÝžK›œZœË›Ü™ËÝÜ˜\KËKÝÜ˜\KLKŒŒ‹Þˆ‹ˆš[YÜš]HŽˆœÚMLL‹[ÜÑœÙ[ÜŽ]Ó‘]•ŒŠÕT[ŒÙZÔ–‹ÜÜVÙÚX•ŽRÛÌ^\ÖŒÝMËÒTSÍÞÑ™ÜT˜ÔŒÔPÝ™^”ÔOOH‹ˆ›XÙ[œÙHŽˆ’TÐÈ‚ˆKˆ››ÙWÛ[Ù[\ËÝÜÛ]][ÈŽˆÂˆ™\œÚ[ÛˆŽˆŒŒËŒH‹ˆœ™\ÛÛ™YŽˆšÎ‹ËÜ™YÚ\ÝžK›œZœË›Ü™ËÝÜÛ]][ËËKÝÜÛ]][ËLŒËŒKÞˆ‹ˆš[YÜš]HŽˆœÚMLL‹YËÙ^šZTÕS”ÜÙÓŽ™QUSZ”ÐQÙU[ÎMœÌÙY™Ú’šPÑ”T’SÚ”[ÑS\ZÐœÕÝŒÒÞMÙÏOH‹ˆ›XÙ[œÙHŽˆ“RU‹ˆ™\[™[˜ÚY\ÈŽˆÂˆš\Ë]ÜÛŽˆ—ŒËŒKŒ‹ˆœÝÙ\œÚ[]][ÈŽˆ—ŒŒKŒ‚ˆKˆ™[™Ú[™\ÈŽˆÂˆ››ÙHŽˆLŒ‚ˆKˆ™[™[™ÈŽˆÂˆ\›ŽˆšÎ‹ËÙÚ]X‹˜ÛÛKÜÜÛœÛÜœËÜÚ[™™\ÛÜš\È‚ˆBˆKˆ››ÙWÛ[Ù[\ËÞX[\ÝŽˆÂˆ™\œÚ[ÛˆŽˆŒËŒKŒH‹ˆœ™\ÛÛ™YŽˆšÎ‹ËÜ™YÚ\ÝžK›œZœË›Ü™ËÞX[\ÝËKÞX[\ÝLËŒKŒKÞˆ‹ˆš[YÜš]HŽˆœÚMLL‹XMQÔXUÔN[SÖV[QÌ™]Û˜ÔTÍMÕŒÒ›ÐSJÜÌ•‘[TÎSœÒÎÜSÒÜÑ•ÚÒÍ•ÛÕS›ŒœÔ›ÖÏOH‹ˆ›XÙ[œÙHŽˆ’TÐÈ‚ˆKˆ››ÙWÛ[Ù[\ËÞY]X[›Ý\‹\™XXÝ[YÚ›ÞŽˆÂˆ™\œÚ[ÛˆŽˆŒËŒÌ‹Œˆ‹ˆœ™\ÛÛ™YŽˆšÎ‹ËÜ™YÚ\ÝžK›œZœË›Ü™ËÞY]X[›Ý\‹\™XXÝ[YÚ›ÞËKÞY]X[›Ý\‹\™XXÝ[YÚ›ÞLËŒÌ‹Œ‹Þˆ‹ˆš[YÜš]HŽˆœÚMLL‹QY•SœšÚŠÐ[QPÙÕÓM™ÜSVMYÖÙÓÕ^ÎJÕ
Ñž^NRMÒËÜÓ^VZŒ–MÒ[”ÔYRVLKÑÙ–YŒÔÙOOH‹ˆ›XÙ[œÙHŽˆ“RU‹ˆ™[™Ú[™\ÈŽˆÂˆ››ÙHŽˆLM‚ˆKˆ™[™[™ÈŽˆÂˆ\›ŽˆšÎ‹ËÙÚ]X‹˜ÛÛKÜÜÛœÛÜœËÚYÛÜ™[˜Ú[šÛÈ‚ˆKˆœY\‘\[™[˜ÚY\ÈŽˆÂˆ\\ËÜ™XXÝŽˆ—ŒMˆŒMÈŒNŒNH‹ˆ\\ËÜ™XXÝYÛHŽˆ—ŒMˆŒMÈŒNŒNH‹ˆœ™XXÝŽˆ—ŒM‹ŽŒŒMÈŒNŒNH‹ˆœ™XXÝYÛHŽˆ—ŒM‹ŽŒŒMÈŒNŒNH‚ˆKˆœY\‘\[™[˜ÚY\ÓY]HŽˆÂˆ\\ËÜ™XXÝŽˆÂˆ›Ü[Û˜[ŽˆYBˆKˆ\\ËÜ™XXÝYÛHŽˆÂˆ›Ü[Û˜[ŽˆYBˆBˆBˆKˆ››ÙWÛ[Ù[\ËÞ[ØÝË\]Y]YHŽˆÂˆ™\œÚ[ÛˆŽˆŒŒKŒ‹ˆœ™\ÛÛ™YŽˆšÎ‹ËÜ™YÚ\ÝžK›œZœË›Ü™ËÞ[ØÝË\]Y]YKËKÞ[ØÝË\]Y]YKLŒKŒÞˆ‹ˆš[YÜš]HŽˆœÚMLL‹\•šÜÝœÛ“Ù‹ÛÚØÍžÔÞSŽZPÞÚSN^QKÝÛSÕœR™]ÔSÌ[ZSZT™ÕÐÓ^YPQ•˜YÝÍÒS–Œ”OOH‹ˆ™]ˆŽˆYKˆ›XÙ[œÙHŽˆ“RU‹ˆ™[™Ú[™\ÈŽˆÂˆ››ÙHŽˆLL‚ˆKˆ™[™[™ÈŽˆÂˆ\›ŽˆšÎ‹ËÙÚ]X‹˜ÛÛKÜÜÛœÛÜœËÜÚ[™™\ÛÜš\È‚ˆBˆKˆ››ÙWÛ[Ù[\ËÞ[ØÝË\Ü[›™\ˆŽˆÂˆ™\œÚ[ÛˆŽˆŒKŒ‹Œˆ‹ˆœ™\ÛÛ™YŽˆšÎ‹ËÜ™YÚ\ÝžK›œZœË›Ü™ËÞ[ØÝË\Ü[›™\‹ËKÞ[ØÝË\Ü[›™\‹LKŒ‹Œ‹Þˆ‹ˆš[YÜš]HŽˆœÚMLL‹QÑÛ]ÒšKÜÍ\’‘’Ø]N[VR[šØŒZLÙLUž”žZÔ’ÛÍ••ÑM’RÛÕšTTUËÖŒŽVQ™•SVLÛ™ÏOH‹ˆ›XÙ[œÙHŽˆ“RU‹ˆ™\[™[˜ÚY\ÈŽˆÂˆž[ØÝØÛÛÜœÈŽˆ—Œ‹ŒKŒH‚ˆKˆ™[™Ú[™\ÈŽˆÂˆ››ÙHŽˆLNŒNH‚ˆKˆ™[™[™ÈŽˆÂˆ\›ŽˆšÎ‹ËÙÚ]X‹˜ÛÛKÜÜÛœÛÜœËÜÚ[™™\ÛÜš\È‚ˆBˆKˆ››ÙWÛ[Ù[\ËÞ[ØÝØÛÛÜœÈŽˆÂˆ™\œÚ[ÛˆŽˆŒ‹Œ‹Œ‹ˆœ™\ÛÛ™YŽˆšÎ‹ËÜ™YÚ\ÝžK›œZœË›Ü™ËÞ[ØÝØÛÛÜœËËKÞ[ØÝØÛÛÜœËL‹Œ‹ŒÞˆ‹ˆš[YÜš]HŽˆœÚMLL‹^\Y‘•RËÕ–X^“›ÛÐÑSŠÌÕÛÕÔ]ÓY–ž›ÚSœSžZÊÞ“ÙMNN]UÑMœ“–‘œZÓ“Ú\UÎLÍœMTšYœQ[ÙÏOH‹ˆ›XÙ[œÙHŽˆ“RU‹ˆ™[™Ú[™\ÈŽˆÂˆ››ÙHŽˆLN‚ˆKˆ™[™[™ÈŽˆÂˆ\›ŽˆšÎ‹ËÙÚ]X‹˜ÛÛKÜÜÛœÛÜœËÜÚ[™™\ÛÜš\È‚ˆBˆKˆ››ÙWÛ[Ù[\ËÞ›ÙŽˆÂˆ™\œÚ[ÛˆŽˆŒÈ‹ˆœ™\ÛÛ™YŽˆšÎ‹ËÜ™YÚ\ÝžK›œZœË›Ü™ËÞ›ÙËKÞ›ÙMŒËÞˆ‹ˆš[YÜš]HŽˆœÚMLL‹^]S‘š’R‘›•]ÖYÛLš˜ÚÌ’ÛMÒ‘“TÖÙ’”P’SŽQ˜Þ\Û‘ZUÓR“UŒKÐœUÙ•ËÚÚÙÍÌUQÒžUOOH‹ˆ›XÙ[œÙHŽˆ“RU‹ˆ™[™[™ÈŽˆÂˆ\›ŽˆšÎ‹ËÙÚ]X‹˜ÛÛKÜÜÛœÛÜœËØÛÛ[šXÚÜÈ‚ˆBˆKˆ››ÙWÛ[Ù[\ËÞ›Ù]ËZœÛÛ‹\ØÚ[XHŽˆÂˆ™\œÚ[ÛˆŽˆŒËŒKŒˆ‹ˆœ™\ÛÛ™YŽˆšÎ‹ËÜ™YÚ\ÝžK›œZœË›Ü™ËÞ›Ù]ËZœÛÛ‹\ØÚ[XKËKÞ›Ù]ËZœÛÛ‹\ØÚ[XKLËŒKŒ‹Þˆ‹ˆš[YÜš]HŽˆœÚMLL‹SËÔÙ›œ^ÔÑTVTÐÙ”’MQÞLÚŽL[RÕ‘VSR’“ZQœ”STÛ•ÛÙ›NÛLM–“™–’SMÑÞTÓPQ›š’OOH‹ˆ›XÙ[œÙHŽˆ’TÐÈ‹ˆœY\‘\[™[˜ÚY\ÈŽˆÂˆž›ÙŽˆ—ŒËŒKŒŽ‚ˆBˆKˆ››ÙWÛ[Ù[\ËÞ›Ù]˜[Y][Û‹Y\œ›ÜˆŽˆÂˆ™\œÚ[ÛˆŽˆŒŒˆ‹ˆœ™\ÛÛ™YŽˆšÎ‹ËÜ™YÚ\ÝžK›œZœË›Ü™ËÞ›Ù]˜[Y][Û‹Y\œ›Ü‹ËKÞ›Ù]˜[Y][Û‹Y\œ›Ü‹MŒŒ‹Þˆ‹ˆš[YÜš]HŽˆœÚMLL‹TM‹Û–“MšžUNX‹ÍR]Œ•‘V”Z”R“ž”MÞUØÍ•‘ŒÑÒØ‹Ù]T]”[šÌÚ˜ZÙŽPÜÕÙ\ÙÚOOH‹ˆ™]ˆŽˆYKˆ›XÙ[œÙHŽˆ“RU‹ˆ™[™Ú[™\ÈŽˆÂˆ››ÙHŽˆLNŒŒ‚ˆKˆœY\‘\[™[˜ÚY\ÈŽˆÂˆž›ÙŽˆ—ŒËŒKŒŒŒ‚ˆBˆBˆBŸB